
Microsoft Visual Studio Solution File, Format Version 12.00
# Visual Studio Version 16
VisualStudioVersion = 16.0.29418.71
MinimumVisualStudioVersion = 10.0.40219.1
Project("{9A19103F-16F7-4668-BE54-9A1E7A4F7556}") = "Day1", "Day1\Day1.csproj", "{EF243934-E544-42B7-9947-78F893D1EFFC}"
EndProject
Project("{9A19103F-16F7-4668-BE54-9A1E7A4F7556}") = "Day2", "Day2\Day2.csproj", "{3065ADE0-D050-4F4C-914C-023320F49E38}"
EndProject
Project("{9A19103F-16F7-4668-BE54-9A1E7A4F7556}") = "Day3", "Day3\Day3.csproj", "{72BD2CE5-EB5D-461A-97C0-580FAC058611}"
EndProject
Project("{9A19103F-16F7-4668-BE54-9A1E7A4F7556}") = "Day4", "Day4\Day4.csproj", "{06CA7F9C-452D-4C0E-8C84-D85D00B5B23B}"
EndProject
Project("{9A19103F-16F7-4668-BE54-9A1E7A4F7556}") = "Day5", "Day5\Day5.csproj", "{E0752027-9A40-4EB7-AFE4-7BE06AE1A7F6}"
EndProject
Project("{FAE04EC0-301F-11D3-BF4B-00C04F79EFBC}") = "Day6", "Day6\Day6.csproj", "{C9D5F8FE-5FDC-48F3-8832-9286390E7048}"
EndProject
Global
	GlobalSection(SolutionConfigurationPlatforms) = preSolution
		Debug|Any CPU = Debug|Any CPU
		Release|Any CPU = Release|Any CPU
	EndGlobalSection
	GlobalSection(ProjectConfigurationPlatforms) = postSolution
		{EF243934-E544-42B7-9947-78F893D1EFFC}.Debug|Any CPU.ActiveCfg = Debug|Any CPU
		{EF243934-E544-42B7-9947-78F893D1EFFC}.Debug|Any CPU.Build.0 = Debug|Any CPU
		{EF243934-E544-42B7-9947-78F893D1EFFC}.Release|Any CPU.ActiveCfg = Release|Any CPU
		{EF243934-E544-42B7-9947-78F893D1EFFC}.Release|Any CPU.Build.0 = Release|Any CPU
		{3065ADE0-D050-4F4C-914C-023320F49E38}.Debug|Any CPU.ActiveCfg = Debug|Any CPU
		{3065ADE0-D050-4F4C-914C-023320F49E38}.Debug|Any CPU.Build.0 = Debug|Any CPU
		{3065ADE0-D050-4F4C-914C-023320F49E38}.Release|Any CPU.ActiveCfg = Release|Any CPU
		{3065ADE0-D050-4F4C-914C-023320F49E38}.Release|Any CPU.Build.0 = Release|Any CPU
		{72BD2CE5-EB5D-461A-97C0-580FAC058611}.Debug|Any CPU.ActiveCfg = Debug|Any CPU
		{72BD2CE5-EB5D-461A-97C0-580FAC058611}.Debug|Any CPU.Build.0 = Debug|Any CPU
		{72BD2CE5-EB5D-461A-97C0-580FAC058611}.Release|Any CPU.ActiveCfg = Release|Any CPU
		{72BD2CE5-EB5D-461A-97C0-580FAC058611}.Release|Any CPU.Build.0 = Release|Any CPU
		{06CA7F9C-452D-4C0E-8C84-D85D00B5B23B}.Debug|Any CPU.ActiveCfg = Debug|Any CPU
		{06CA7F9C-452D-4C0E-8C84-D85D00B5B23B}.Debug|Any CPU.Build.0 = Debug|Any CPU
		{06CA7F9C-452D-4C0E-8C84-D85D00B5B23B}.Release|Any CPU.ActiveCfg = Release|Any CPU
		{06CA7F9C-452D-4C0E-8C84-D85D00B5B23B}.Release|Any CPU.Build.0 = Release|Any CPU
		{E0752027-9A40-4EB7-AFE4-7BE06AE1A7F6}.Debug|Any CPU.ActiveCfg = Debug|Any CPU
		{E0752027-9A40-4EB7-AFE4-7BE06AE1A7F6}.Debug|Any CPU.Build.0 = Debug|Any CPU
		{E0752027-9A40-4EB7-AFE4-7BE06AE1A7F6}.Release|Any CPU.ActiveCfg = Release|Any CPU
		{E0752027-9A40-4EB7-AFE4-7BE06AE1A7F6}.Release|Any CPU.Build.0 = Release|Any CPU
		{C9D5F8FE-5FDC-48F3-8832-9286390E7048}.Debug|Any CPU.ActiveCfg = Debug|Any CPU
		{C9D5F8FE-5FDC-48F3-8832-9286390E7048}.Debug|Any CPU.Build.0 = Debug|Any CPU
		{C9D5F8FE-5FDC-48F3-8832-9286390E7048}.Release|Any CPU.ActiveCfg = Release|Any CPU
		{C9D5F8FE-5FDC-48F3-8832-9286390E7048}.Release|Any CPU.Build.0 = Release|Any CPU
	EndGlobalSection
	GlobalSection(SolutionProperties) = preSolution
		HideSolutionNode = FALSE
	EndGlobalSection
	GlobalSection(ExtensibilityGlobals) = postSolution
		SolutionGuid = {DE36E44D-1FEB-45BB-BF05-42758CAC30D7}
	EndGlobalSection
EndGlobal
